PODS:
  - CleverTap-iOS-SDK (7.1.1):
    - SDWebImage (~> 5.11)
  - SDWebImage (5.21.0):
    - SDWebImage/Core (= 5.21.0)
  - SDWebImage/Core (5.21.0)

DEPENDENCIES:
  - CleverTap-iOS-SDK (= 7.1.1)

SPEC REPOS:
  trunk:
    - CleverTap-iOS-SDK
    - SDWebImage

SPEC CHECKSUMS:
  CleverTap-iOS-SDK: 8ee6dc5c6f3952f39c837e64ba24f0053f0d6196
  SDWebImage: f84b0feeb08d2d11e6a9b843cb06d75ebf5b8868

PODFILE CHECKSUM: ffd9b5c876f4ffa3b69611a1edcdc487240c603e

COCOAPODS: 1.15.2
