// !$*UTF8*$!
{
	archiveVersion = 1;
	classes = {
	};
	objectVersion = 56;
	objects = {

/* Begin PBXBuildFile section */
		F37D0D272C773F2E006E88DA /* AppDelegate.swift in Sources */ = {isa = PBXBuildFile; fileRef = F37D0D262C773F2E006E88DA /* AppDelegate.swift */; };
		F37D0D292C773F2E006E88DA /* SceneDelegate.swift in Sources */ = {isa = PBXBuildFile; fileRef = F37D0D282C773F2E006E88DA /* SceneDelegate.swift */; };
		F37D0D2B2C773F2E006E88DA /* ViewController.swift in Sources */ = {isa = PBXBuildFile; fileRef = F37D0D2A2C773F2E006E88DA /* ViewController.swift */; };
		F37D0D2E2C773F2E006E88DA /* Base in Resources */ = {isa = PBXBuildFile; fileRef = F37D0D2D2C773F2E006E88DA /* Base */; };
		F37D0D302C773F30006E88DA /* Assets.xcassets in Resources */ = {isa = PBXBuildFile; fileRef = F37D0D2F2C773F30006E88DA /* Assets.xcassets */; };
		F37D0D332C773F30006E88DA /* Base in Resources */ = {isa = PBXBuildFile; fileRef = F37D0D322C773F30006E88DA /* Base */; };
		F37D0D3E2C773F30006E88DA /* IntegrationIOSTests.swift in Sources */ = {isa = PBXBuildFile; fileRef = F37D0D3D2C773F30006E88DA /* IntegrationIOSTests.swift */; };
		F37D0D482C773F30006E88DA /* IntegrationIOSUITests.swift in Sources */ = {isa = PBXBuildFile; fileRef = F37D0D472C773F30006E88DA /* IntegrationIOSUITests.swift */; };
		F37D0D4A2C773F30006E88DA /* IntegrationIOSUITestsLaunchTests.swift in Sources */ = {isa = PBXBuildFile; fileRef = F37D0D492C773F30006E88DA /* IntegrationIOSUITestsLaunchTests.swift */; };
/* End PBXBuildFile section */

/* Begin PBXContainerItemProxy section */
		F37D0D3A2C773F30006E88DA /* PBXContainerItemProxy */ = {
			isa = PBXContainerItemProxy;
			containerPortal = F37D0D1B2C773F2E006E88DA /* Project object */;
			proxyType = 1;
			remoteGlobalIDString = F37D0D222C773F2E006E88DA;
			remoteInfo = IntegrationIOS;
		};
		F37D0D442C773F30006E88DA /* PBXContainerItemProxy */ = {
			isa = PBXContainerItemProxy;
			containerPortal = F37D0D1B2C773F2E006E88DA /* Project object */;
			proxyType = 1;
			remoteGlobalIDString = F37D0D222C773F2E006E88DA;
			remoteInfo = IntegrationIOS;
		};
/* End PBXContainerItemProxy section */

/* Begin PBXFileReference section */
		F37D0D232C773F2E006E88DA /* IntegrationIOS.app */ = {isa = PBXFileReference; explicitFileType = wrapper.application; includeInIndex = 0; path = IntegrationIOS.app; sourceTree = BUILT_PRODUCTS_DIR; };
		F37D0D262C773F2E006E88DA /* AppDelegate.swift */ = {isa = PBXFileReference; lastKnownFileType = sourcecode.swift; path = AppDelegate.swift; sourceTree = "<group>"; };
		F37D0D282C773F2E006E88DA /* SceneDelegate.swift */ = {isa = PBXFileReference; lastKnownFileType = sourcecode.swift; path = SceneDelegate.swift; sourceTree = "<group>"; };
		F37D0D2A2C773F2E006E88DA /* ViewController.swift */ = {isa = PBXFileReference; lastKnownFileType = sourcecode.swift; path = ViewController.swift; sourceTree = "<group>"; };
		F37D0D2D2C773F2E006E88DA /* Base */ = {isa = PBXFileReference; lastKnownFileType = file.storyboard; name = Base; path = Base.lproj/Main.storyboard; sourceTree = "<group>"; };
		F37D0D2F2C773F30006E88DA /* Assets.xcassets */ = {isa = PBXFileReference; lastKnownFileType = folder.assetcatalog; path = Assets.xcassets; sourceTree = "<group>"; };
		F37D0D322C773F30006E88DA /* Base */ = {isa = PBXFileReference; lastKnownFileType = file.storyboard; name = Base; path = Base.lproj/LaunchScreen.storyboard; sourceTree = "<group>"; };
		F37D0D342C773F30006E88DA /* Info.plist */ = {isa = PBXFileReference; lastKnownFileType = text.plist.xml; path = Info.plist; sourceTree = "<group>"; };
		F37D0D392C773F30006E88DA /* IntegrationIOSTests.xctest */ = {isa = PBXFileReference; explicitFileType = wrapper.cfbundle; includeInIndex = 0; path = IntegrationIOSTests.xctest; sourceTree = BUILT_PRODUCTS_DIR; };
		F37D0D3D2C773F30006E88DA /* IntegrationIOSTests.swift */ = {isa = PBXFileReference; lastKnownFileType = sourcecode.swift; path = IntegrationIOSTests.swift; sourceTree = "<group>"; };
		F37D0D432C773F30006E88DA /* IntegrationIOSUITests.xctest */ = {isa = PBXFileReference; explicitFileType = wrapper.cfbundle; includeInIndex = 0; path = IntegrationIOSUITests.xctest; sourceTree = BUILT_PRODUCTS_DIR; };
		F37D0D472C773F30006E88DA /* IntegrationIOSUITests.swift */ = {isa = PBXFileReference; lastKnownFileType = sourcecode.swift; path = IntegrationIOSUITests.swift; sourceTree = "<group>"; };
		F37D0D492C773F30006E88DA /* IntegrationIOSUITestsLaunchTests.swift */ = {isa = PBXFileReference; lastKnownFileType = sourcecode.swift; path = IntegrationIOSUITestsLaunchTests.swift; sourceTree = "<group>"; };
/* End PBXFileReference section */

/* Begin PBXFrameworksBuildPhase section */
		F37D0D202C773F2E006E88DA /* Frameworks */ = {
			isa = PBXFrameworksBuildPhase;
			buildActionMask = 2147483647;
			files = (
			);
			runOnlyForDeploymentPostprocessing = 0;
		};
		F37D0D362C773F30006E88DA /* Frameworks */ = {
			isa = PBXFrameworksBuildPhase;
			buildActionMask = 2147483647;
			files = (
			);
			runOnlyForDeploymentPostprocessing = 0;
		};
		F37D0D402C773F30006E88DA /* Frameworks */ = {
			isa = PBXFrameworksBuildPhase;
			buildActionMask = 2147483647;
			files = (
			);
			runOnlyForDeploymentPostprocessing = 0;
		};
/* End PBXFrameworksBuildPhase section */

/* Begin PBXGroup section */
		F37D0D1A2C773F2E006E88DA = {
			isa = PBXGroup;
			children = (
				F37D0D252C773F2E006E88DA /* IntegrationIOS */,
				F37D0D3C2C773F30006E88DA /* IntegrationIOSTests */,
				F37D0D462C773F30006E88DA /* IntegrationIOSUITests */,
				F37D0D242C773F2E006E88DA /* Products */,
			);
			sourceTree = "<group>";
		};
		F37D0D242C773F2E006E88DA /* Products */ = {
			isa = PBXGroup;
			children = (
				F37D0D232C773F2E006E88DA /* IntegrationIOS.app */,
				F37D0D392C773F30006E88DA /* IntegrationIOSTests.xctest */,
				F37D0D432C773F30006E88DA /* IntegrationIOSUITests.xctest */,
			);
			name = Products;
			sourceTree = "<group>";
		};
		F37D0D252C773F2E006E88DA /* IntegrationIOS */ = {
			isa = PBXGroup;
			children = (
				F37D0D262C773F2E006E88DA /* AppDelegate.swift */,
				F37D0D282C773F2E006E88DA /* SceneDelegate.swift */,
				F37D0D2A2C773F2E006E88DA /* ViewController.swift */,
				F37D0D2C2C773F2E006E88DA /* Main.storyboard */,
				F37D0D2F2C773F30006E88DA /* Assets.xcassets */,
				F37D0D312C773F30006E88DA /* LaunchScreen.storyboard */,
				F37D0D342C773F30006E88DA /* Info.plist */,
			);
			path = IntegrationIOS;
			sourceTree = "<group>";
		};
		F37D0D3C2C773F30006E88DA /* IntegrationIOSTests */ = {
			isa = PBXGroup;
			children = (
				F37D0D3D2C773F30006E88DA /* IntegrationIOSTests.swift */,
			);
			path = IntegrationIOSTests;
			sourceTree = "<group>";
		};
		F37D0D462C773F30006E88DA /* IntegrationIOSUITests */ = {
			isa = PBXGroup;
			children = (
				F37D0D472C773F30006E88DA /* IntegrationIOSUITests.swift */,
				F37D0D492C773F30006E88DA /* IntegrationIOSUITestsLaunchTests.swift */,
			);
			path = IntegrationIOSUITests;
			sourceTree = "<group>";
		};
/* End PBXGroup section */

/* Begin PBXNativeTarget section */
		F37D0D222C773F2E006E88DA /* IntegrationIOS */ = {
			isa = PBXNativeTarget;
			buildConfigurationList = F37D0D4D2C773F30006E88DA /* Build configuration list for PBXNativeTarget "IntegrationIOS" */;
			buildPhases = (
				F37D0D1F2C773F2E006E88DA /* Sources */,
				F37D0D202C773F2E006E88DA /* Frameworks */,
				F37D0D212C773F2E006E88DA /* Resources */,
			);
			buildRules = (
			);
			dependencies = (
			);
			name = IntegrationIOS;
			productName = IntegrationIOS;
			productReference = F37D0D232C773F2E006E88DA /* IntegrationIOS.app */;
			productType = "com.apple.product-type.application";
		};
		F37D0D382C773F30006E88DA /* IntegrationIOSTests */ = {
			isa = PBXNativeTarget;
			buildConfigurationList = F37D0D502C773F30006E88DA /* Build configuration list for PBXNativeTarget "IntegrationIOSTests" */;
			buildPhases = (
				F37D0D352C773F30006E88DA /* Sources */,
				F37D0D362C773F30006E88DA /* Frameworks */,
				F37D0D372C773F30006E88DA /* Resources */,
			);
			buildRules = (
			);
			dependencies = (
				F37D0D3B2C773F30006E88DA /* PBXTargetDependency */,
			);
			name = IntegrationIOSTests;
			productName = IntegrationIOSTests;
			productReference = F37D0D392C773F30006E88DA /* IntegrationIOSTests.xctest */;
			productType = "com.apple.product-type.bundle.unit-test";
		};
		F37D0D422C773F30006E88DA /* IntegrationIOSUITests */ = {
			isa = PBXNativeTarget;
			buildConfigurationList = F37D0D532C773F30006E88DA /* Build configuration list for PBXNativeTarget "IntegrationIOSUITests" */;
			buildPhases = (
				F37D0D3F2C773F30006E88DA /* Sources */,
				F37D0D402C773F30006E88DA /* Frameworks */,
				F37D0D412C773F30006E88DA /* Resources */,
			);
			buildRules = (
			);
			dependencies = (
				F37D0D452C773F30006E88DA /* PBXTargetDependency */,
			);
			name = IntegrationIOSUITests;
			productName = IntegrationIOSUITests;
			productReference = F37D0D432C773F30006E88DA /* IntegrationIOSUITests.xctest */;
			productType = "com.apple.product-type.bundle.ui-testing";
		};
/* End PBXNativeTarget section */

/* Begin PBXProject section */
		F37D0D1B2C773F2E006E88DA /* Project object */ = {
			isa = PBXProject;
			attributes = {
				BuildIndependentTargetsInParallel = 1;
				LastSwiftUpdateCheck = 1540;
				LastUpgradeCheck = 1540;
				TargetAttributes = {
					F37D0D222C773F2E006E88DA = {
						CreatedOnToolsVersion = 15.4;
					};
					F37D0D382C773F30006E88DA = {
						CreatedOnToolsVersion = 15.4;
						TestTargetID = F37D0D222C773F2E006E88DA;
					};
					F37D0D422C773F30006E88DA = {
						CreatedOnToolsVersion = 15.4;
						TestTargetID = F37D0D222C773F2E006E88DA;
					};
				};
			};
			buildConfigurationList = F37D0D1E2C773F2E006E88DA /* Build configuration list for PBXProject "IntegrationIOS" */;
			compatibilityVersion = "Xcode 14.0";
			developmentRegion = en;
			hasScannedForEncodings = 0;
			knownRegions = (
				en,
				Base,
			);
			mainGroup = F37D0D1A2C773F2E006E88DA;
			productRefGroup = F37D0D242C773F2E006E88DA /* Products */;
			projectDirPath = "";
			projectRoot = "";
			targets = (
				F37D0D222C773F2E006E88DA /* IntegrationIOS */,
				F37D0D382C773F30006E88DA /* IntegrationIOSTests */,
				F37D0D422C773F30006E88DA /* IntegrationIOSUITests */,
			);
		};
/* End PBXProject section */

/* Begin PBXResourcesBuildPhase section */
		F37D0D212C773F2E006E88DA /* Resources */ = {
			isa = PBXResourcesBuildPhase;
			buildActionMask = 2147483647;
			files = (
				F37D0D302C773F30006E88DA /* Assets.xcassets in Resources */,
				F37D0D332C773F30006E88DA /* Base in Resources */,
				F37D0D2E2C773F2E006E88DA /* Base in Resources */,
			);
			runOnlyForDeploymentPostprocessing = 0;
		};
		F37D0D372C773F30006E88DA /* Resources */ = {
			isa = PBXResourcesBuildPhase;
			buildActionMask = 2147483647;
			files = (
			);
			runOnlyForDeploymentPostprocessing = 0;
		};
		F37D0D412C773F30006E88DA /* Resources */ = {
			isa = PBXResourcesBuildPhase;
			buildActionMask = 2147483647;
			files = (
			);
			runOnlyForDeploymentPostprocessing = 0;
		};
/* End PBXResourcesBuildPhase section */

/* Begin PBXSourcesBuildPhase section */
		F37D0D1F2C773F2E006E88DA /* Sources */ = {
			isa = PBXSourcesBuildPhase;
			buildActionMask = 2147483647;
			files = (
				F37D0D2B2C773F2E006E88DA /* ViewController.swift in Sources */,
				F37D0D272C773F2E006E88DA /* AppDelegate.swift in Sources */,
				F37D0D292C773F2E006E88DA /* SceneDelegate.swift in Sources */,
			);
			runOnlyForDeploymentPostprocessing = 0;
		};
		F37D0D352C773F30006E88DA /* Sources */ = {
			isa = PBXSourcesBuildPhase;
			buildActionMask = 2147483647;
			files = (
				F37D0D3E2C773F30006E88DA /* IntegrationIOSTests.swift in Sources */,
			);
			runOnlyForDeploymentPostprocessing = 0;
		};
		F37D0D3F2C773F30006E88DA /* Sources */ = {
			isa = PBXSourcesBuildPhase;
			buildActionMask = 2147483647;
			files = (
				F37D0D482C773F30006E88DA /* IntegrationIOSUITests.swift in Sources */,
				F37D0D4A2C773F30006E88DA /* IntegrationIOSUITestsLaunchTests.swift in Sources */,
			);
			runOnlyForDeploymentPostprocessing = 0;
		};
/* End PBXSourcesBuildPhase section */

/* Begin PBXTargetDependency section */
		F37D0D3B2C773F30006E88DA /* PBXTargetDependency */ = {
			isa = PBXTargetDependency;
			target = F37D0D222C773F2E006E88DA /* IntegrationIOS */;
			targetProxy = F37D0D3A2C773F30006E88DA /* PBXContainerItemProxy */;
		};
		F37D0D452C773F30006E88DA /* PBXTargetDependency */ = {
			isa = PBXTargetDependency;
			target = F37D0D222C773F2E006E88DA /* IntegrationIOS */;
			targetProxy = F37D0D442C773F30006E88DA /* PBXContainerItemProxy */;
		};
/* End PBXTargetDependency section */

/* Begin PBXVariantGroup section */
		F37D0D2C2C773F2E006E88DA /* Main.storyboard */ = {
			isa = PBXVariantGroup;
			children = (
				F37D0D2D2C773F2E006E88DA /* Base */,
			);
			name = Main.storyboard;
			sourceTree = "<group>";
		};
		F37D0D312C773F30006E88DA /* LaunchScreen.storyboard */ = {
			isa = PBXVariantGroup;
			children = (
				F37D0D322C773F30006E88DA /* Base */,
			);
			name = LaunchScreen.storyboard;
			sourceTree = "<group>";
		};
/* End PBXVariantGroup section */

/* Begin XCBuildConfiguration section */
		F37D0D4B2C773F30006E88DA /* Debug */ = {
			isa = XCBuildConfiguration;
			buildSettings = {
				ALWAYS_SEARCH_USER_PATHS = NO;
				ASSETCATALOG_COMPILER_GENERATE_SWIFT_ASSET_SYMBOL_EXTENSIONS = YES;
				CLANG_ANALYZER_NONNULL = YES;
				CLANG_ANALYZER_NUMBER_OBJECT_CONVERSION = YES_AGGRESSIVE;
				CLANG_CXX_LANGUAGE_STANDARD = "gnu++20";
				CLANG_ENABLE_MODULES = YES;
				CLANG_ENABLE_OBJC_ARC = YES;
				CLANG_ENABLE_OBJC_WEAK = YES;
				CLANG_WARN_BLOCK_CAPTURE_AUTORELEASING = YES;
				CLANG_WARN_BOOL_CONVERSION = YES;
				CLANG_WARN_COMMA = YES;
				CLANG_WARN_CONSTANT_CONVERSION = YES;
				CLANG_WARN_DEPRECATED_OBJC_IMPLEMENTATIONS = YES;
				CLANG_WARN_DIRECT_OBJC_ISA_USAGE = YES_ERROR;
				CLANG_WARN_DOCUMENTATION_COMMENTS = YES;
				CLANG_WARN_EMPTY_BODY = YES;
				CLANG_WARN_ENUM_CONVERSION = YES;
				CLANG_WARN_INFINITE_RECURSION = YES;
				CLANG_WARN_INT_CONVERSION = YES;
				CLANG_WARN_NON_LITERAL_NULL_CONVERSION = YES;
				CLANG_WARN_OBJC_IMPLICIT_RETAIN_SELF = YES;
				CLANG_WARN_OBJC_LITERAL_CONVERSION = YES;
				CLANG_WARN_OBJC_ROOT_CLASS = YES_ERROR;
				CLANG_WARN_QUOTED_INCLUDE_IN_FRAMEWORK_HEADER = YES;
				CLANG_WARN_RANGE_LOOP_ANALYSIS = YES;
				CLANG_WARN_STRICT_PROTOTYPES = YES;
				CLANG_WARN_SUSPICIOUS_MOVE = YES;
				CLANG_WARN_UNGUARDED_AVAILABILITY = YES_AGGRESSIVE;
				CLANG_WARN_UNREACHABLE_CODE = YES;
				CLANG_WARN__DUPLICATE_METHOD_MATCH = YES;
				COPY_PHASE_STRIP = NO;
				DEBUG_INFORMATION_FORMAT = dwarf;
				ENABLE_STRICT_OBJC_MSGSEND = YES;
				ENABLE_TESTABILITY = YES;
				ENABLE_USER_SCRIPT_SANDBOXING = YES;
				GCC_C_LANGUAGE_STANDARD = gnu17;
				GCC_DYNAMIC_NO_PIC = NO;
				GCC_NO_COMMON_BLOCKS = YES;
				GCC_OPTIMIZATION_LEVEL = 0;
				GCC_PREPROCESSOR_DEFINITIONS = (
					"DEBUG=1",
					"$(inherited)",
				);
				GCC_WARN_64_TO_32_BIT_CONVERSION = YES;
				GCC_WARN_ABOUT_RETURN_TYPE = YES_ERROR;
				GCC_WARN_UNDECLARED_SELECTOR = YES;
				GCC_WARN_UNINITIALIZED_AUTOS = YES_AGGRESSIVE;
				GCC_WARN_UNUSED_FUNCTION = YES;
				GCC_WARN_UNUSED_VARIABLE = YES;
				IPHONEOS_DEPLOYMENT_TARGET = 17.5;
				LOCALIZATION_PREFERS_STRING_CATALOGS = YES;
				MTL_ENABLE_DEBUG_INFO = INCLUDE_SOURCE;
				MTL_FAST_MATH = YES;
				ONLY_ACTIVE_ARCH = YES;
				SDKROOT = iphoneos;
				SWIFT_ACTIVE_COMPILATION_CONDITIONS = "DEBUG $(inherited)";
				SWIFT_OPTIMIZATION_LEVEL = "-Onone";
			};
			name = Debug;
		};
		F37D0D4C2C773F30006E88DA /* Release */ = {
			isa = XCBuildConfiguration;
			buildSettings = {
				ALWAYS_SEARCH_USER_PATHS = NO;
				ASSETCATALOG_COMPILER_GENERATE_SWIFT_ASSET_SYMBOL_EXTENSIONS = YES;
				CLANG_ANALYZER_NONNULL = YES;
				CLANG_ANALYZER_NUMBER_OBJECT_CONVERSION = YES_AGGRESSIVE;
				CLANG_CXX_LANGUAGE_STANDARD = "gnu++20";
				CLANG_ENABLE_MODULES = YES;
				CLANG_ENABLE_OBJC_ARC = YES;
				CLANG_ENABLE_OBJC_WEAK = YES;
				CLANG_WARN_BLOCK_CAPTURE_AUTORELEASING = YES;
				CLANG_WARN_BOOL_CONVERSION = YES;
				CLANG_WARN_COMMA = YES;
				CLANG_WARN_CONSTANT_CONVERSION = YES;
				CLANG_WARN_DEPRECATED_OBJC_IMPLEMENTATIONS = YES;
				CLANG_WARN_DIRECT_OBJC_ISA_USAGE = YES_ERROR;
				CLANG_WARN_DOCUMENTATION_COMMENTS = YES;
				CLANG_WARN_EMPTY_BODY = YES;
				CLANG_WARN_ENUM_CONVERSION = YES;
				CLANG_WARN_INFINITE_RECURSION = YES;
				CLANG_WARN_INT_CONVERSION = YES;
				CLANG_WARN_NON_LITERAL_NULL_CONVERSION = YES;
				CLANG_WARN_OBJC_IMPLICIT_RETAIN_SELF = YES;
				CLANG_WARN_OBJC_LITERAL_CONVERSION = YES;
				CLANG_WARN_OBJC_ROOT_CLASS = YES_ERROR;
				CLANG_WARN_QUOTED_INCLUDE_IN_FRAMEWORK_HEADER = YES;
				CLANG_WARN_RANGE_LOOP_ANALYSIS = YES;
				CLANG_WARN_STRICT_PROTOTYPES = YES;
				CLANG_WARN_SUSPICIOUS_MOVE = YES;
				CLANG_WARN_UNGUARDED_AVAILABILITY = YES_AGGRESSIVE;
				CLANG_WARN_UNREACHABLE_CODE = YES;
				CLANG_WARN__DUPLICATE_METHOD_MATCH = YES;
				COPY_PHASE_STRIP = NO;
				DEBUG_INFORMATION_FORMAT = "dwarf-with-dsym";
				ENABLE_NS_ASSERTIONS = NO;
				ENABLE_STRICT_OBJC_MSGSEND = YES;
				ENABLE_USER_SCRIPT_SANDBOXING = YES;
				GCC_C_LANGUAGE_STANDARD = gnu17;
				GCC_NO_COMMON_BLOCKS = YES;
				GCC_WARN_64_TO_32_BIT_CONVERSION = YES;
				GCC_WARN_ABOUT_RETURN_TYPE = YES_ERROR;
				GCC_WARN_UNDECLARED_SELECTOR = YES;
				GCC_WARN_UNINITIALIZED_AUTOS = YES_AGGRESSIVE;
				GCC_WARN_UNUSED_FUNCTION = YES;
				GCC_WARN_UNUSED_VARIABLE = YES;
				IPHONEOS_DEPLOYMENT_TARGET = 17.5;
				LOCALIZATION_PREFERS_STRING_CATALOGS = YES;
				MTL_ENABLE_DEBUG_INFO = NO;
				MTL_FAST_MATH = YES;
				SDKROOT = iphoneos;
				SWIFT_COMPILATION_MODE = wholemodule;
				VALIDATE_PRODUCT = YES;
			};
			name = Release;
		};
		F37D0D4E2C773F30006E88DA /* Debug */ = {
			isa = XCBuildConfiguration;
			buildSettings = {
				ASSETCATALOG_COMPILER_APPICON_NAME = AppIcon;
				ASSETCATALOG_COMPILER_GLOBAL_ACCENT_COLOR_NAME = AccentColor;
				CODE_SIGN_STYLE = Automatic;
				CURRENT_PROJECT_VERSION = 1;
				DEVELOPMENT_TEAM = WMRVUMH523;
				GENERATE_INFOPLIST_FILE = YES;
				INFOPLIST_FILE = IntegrationIOS/Info.plist;
				INFOPLIST_KEY_UIApplicationSupportsIndirectInputEvents = YES;
				INFOPLIST_KEY_UILaunchStoryboardName = LaunchScreen;
				INFOPLIST_KEY_UIMainStoryboardFile = Main;
				INFOPLIST_KEY_UISupportedInterfaceOrientations_iPad = "UIInterfaceOrientationPortrait UIInterfaceOrientationPortraitUpsideDown UIInterfaceOrientationLandscapeLeft UIInterfaceOrientationLandscapeRight";
				INFOPLIST_KEY_UISupportedInterfaceOrientations_iPhone = "UIInterfaceOrientationPortrait UIInterfaceOrientationLandscapeLeft UIInterfaceOrientationLandscapeRight";
				LD_RUNPATH_SEARCH_PATHS = (
					"$(inherited)",
					"@executable_path/Frameworks",
				);
				MARKETING_VERSION = 1.0;
				PRODUCT_BUNDLE_IDENTIFIER = com.CT.IntegrationIOS;
				PRODUCT_NAME = "$(TARGET_NAME)";
				SWIFT_EMIT_LOC_STRINGS = YES;
				SWIFT_VERSION = 5.0;
				TARGETED_DEVICE_FAMILY = "1,2";
			};
			name = Debug;
		};
		F37D0D4F2C773F30006E88DA /* Release */ = {
			isa = XCBuildConfiguration;
			buildSettings = {
				ASSETCATALOG_COMPILER_APPICON_NAME = AppIcon;
				ASSETCATALOG_COMPILER_GLOBAL_ACCENT_COLOR_NAME = AccentColor;
				CODE_SIGN_STYLE = Automatic;
				CURRENT_PROJECT_VERSION = 1;
				DEVELOPMENT_TEAM = WMRVUMH523;
				GENERATE_INFOPLIST_FILE = YES;
				INFOPLIST_FILE = IntegrationIOS/Info.plist;
				INFOPLIST_KEY_UIApplicationSupportsIndirectInputEvents = YES;
				INFOPLIST_KEY_UILaunchStoryboardName = LaunchScreen;
				INFOPLIST_KEY_UIMainStoryboardFile = Main;
				INFOPLIST_KEY_UISupportedInterfaceOrientations_iPad = "UIInterfaceOrientationPortrait UIInterfaceOrientationPortraitUpsideDown UIInterfaceOrientationLandscapeLeft UIInterfaceOrientationLandscapeRight";
				INFOPLIST_KEY_UISupportedInterfaceOrientations_iPhone = "UIInterfaceOrientationPortrait UIInterfaceOrientationLandscapeLeft UIInterfaceOrientationLandscapeRight";
				LD_RUNPATH_SEARCH_PATHS = (
					"$(inherited)",
					"@executable_path/Frameworks",
				);
				MARKETING_VERSION = 1.0;
				PRODUCT_BUNDLE_IDENTIFIER = com.CT.IntegrationIOS;
				PRODUCT_NAME = "$(TARGET_NAME)";
				SWIFT_EMIT_LOC_STRINGS = YES;
				SWIFT_VERSION = 5.0;
				TARGETED_DEVICE_FAMILY = "1,2";
			};
			name = Release;
		};
		F37D0D512C773F30006E88DA /* Debug */ = {
			isa = XCBuildConfiguration;
			buildSettings = {
				ALWAYS_EMBED_SWIFT_STANDARD_LIBRARIES = YES;
				BUNDLE_LOADER = "$(TEST_HOST)";
				CODE_SIGN_STYLE = Automatic;
				CURRENT_PROJECT_VERSION = 1;
				DEVELOPMENT_TEAM = WMRVUMH523;
				GENERATE_INFOPLIST_FILE = YES;
				IPHONEOS_DEPLOYMENT_TARGET = 17.5;
				MARKETING_VERSION = 1.0;
				PRODUCT_BUNDLE_IDENTIFIER = com.CT.IntegrationIOSTests;
				PRODUCT_NAME = "$(TARGET_NAME)";
				SWIFT_EMIT_LOC_STRINGS = NO;
				SWIFT_VERSION = 5.0;
				TARGETED_DEVICE_FAMILY = "1,2";
				TEST_HOST = "$(BUILT_PRODUCTS_DIR)/IntegrationIOS.app/$(BUNDLE_EXECUTABLE_FOLDER_PATH)/IntegrationIOS";
			};
			name = Debug;
		};
		F37D0D522C773F30006E88DA /* Release */ = {
			isa = XCBuildConfiguration;
			buildSettings = {
				ALWAYS_EMBED_SWIFT_STANDARD_LIBRARIES = YES;
				BUNDLE_LOADER = "$(TEST_HOST)";
				CODE_SIGN_STYLE = Automatic;
				CURRENT_PROJECT_VERSION = 1;
				DEVELOPMENT_TEAM = WMRVUMH523;
				GENERATE_INFOPLIST_FILE = YES;
				IPHONEOS_DEPLOYMENT_TARGET = 17.5;
				MARKETING_VERSION = 1.0;
				PRODUCT_BUNDLE_IDENTIFIER = com.CT.IntegrationIOSTests;
				PRODUCT_NAME = "$(TARGET_NAME)";
				SWIFT_EMIT_LOC_STRINGS = NO;
				SWIFT_VERSION = 5.0;
				TARGETED_DEVICE_FAMILY = "1,2";
				TEST_HOST = "$(BUILT_PRODUCTS_DIR)/IntegrationIOS.app/$(BUNDLE_EXECUTABLE_FOLDER_PATH)/IntegrationIOS";
			};
			name = Release;
		};
		F37D0D542C773F30006E88DA /* Debug */ = {
			isa = XCBuildConfiguration;
			buildSettings = {
				ALWAYS_EMBED_SWIFT_STANDARD_LIBRARIES = YES;
				CODE_SIGN_STYLE = Automatic;
				CURRENT_PROJECT_VERSION = 1;
				DEVELOPMENT_TEAM = WMRVUMH523;
				GENERATE_INFOPLIST_FILE = YES;
				MARKETING_VERSION = 1.0;
				PRODUCT_BUNDLE_IDENTIFIER = com.CT.IntegrationIOSUITests;
				PRODUCT_NAME = "$(TARGET_NAME)";
				SWIFT_EMIT_LOC_STRINGS = NO;
				SWIFT_VERSION = 5.0;
				TARGETED_DEVICE_FAMILY = "1,2";
				TEST_TARGET_NAME = IntegrationIOS;
			};
			name = Debug;
		};
		F37D0D552C773F30006E88DA /* Release */ = {
			isa = XCBuildConfiguration;
			buildSettings = {
				ALWAYS_EMBED_SWIFT_STANDARD_LIBRARIES = YES;
				CODE_SIGN_STYLE = Automatic;
				CURRENT_PROJECT_VERSION = 1;
				DEVELOPMENT_TEAM = WMRVUMH523;
				GENERATE_INFOPLIST_FILE = YES;
				MARKETING_VERSION = 1.0;
				PRODUCT_BUNDLE_IDENTIFIER = com.CT.IntegrationIOSUITests;
				PRODUCT_NAME = "$(TARGET_NAME)";
				SWIFT_EMIT_LOC_STRINGS = NO;
				SWIFT_VERSION = 5.0;
				TARGETED_DEVICE_FAMILY = "1,2";
				TEST_TARGET_NAME = IntegrationIOS;
			};
			name = Release;
		};
/* End XCBuildConfiguration section */

/* Begin XCConfigurationList section */
		F37D0D1E2C773F2E006E88DA /* Build configuration list for PBXProject "IntegrationIOS" */ = {
			isa = XCConfigurationList;
			buildConfigurations = (
				F37D0D4B2C773F30006E88DA /* Debug */,
				F37D0D4C2C773F30006E88DA /* Release */,
			);
			defaultConfigurationIsVisible = 0;
			defaultConfigurationName = Release;
		};
		F37D0D4D2C773F30006E88DA /* Build configuration list for PBXNativeTarget "IntegrationIOS" */ = {
			isa = XCConfigurationList;
			buildConfigurations = (
				F37D0D4E2C773F30006E88DA /* Debug */,
				F37D0D4F2C773F30006E88DA /* Release */,
			);
			defaultConfigurationIsVisible = 0;
			defaultConfigurationName = Release;
		};
		F37D0D502C773F30006E88DA /* Build configuration list for PBXNativeTarget "IntegrationIOSTests" */ = {
			isa = XCConfigurationList;
			buildConfigurations = (
				F37D0D512C773F30006E88DA /* Debug */,
				F37D0D522C773F30006E88DA /* Release */,
			);
			defaultConfigurationIsVisible = 0;
			defaultConfigurationName = Release;
		};
		F37D0D532C773F30006E88DA /* Build configuration list for PBXNativeTarget "IntegrationIOSUITests" */ = {
			isa = XCConfigurationList;
			buildConfigurations = (
				F37D0D542C773F30006E88DA /* Debug */,
				F37D0D552C773F30006E88DA /* Release */,
			);
			defaultConfigurationIsVisible = 0;
			defaultConfigurationName = Release;
		};
/* End XCConfigurationList section */
	};
	rootObject = F37D0D1B2C773F2E006E88DA /* Project object */;
}
